
Microsoft Visual Studio Solution File, Format Version 12.00
# Visual Studio 15
VisualStudioVersion = 15.0.28010.2036
MinimumVisualStudioVersion = 10.0.40219.1
Project("{9A19103F-16F7-4668-BE54-9A1E7A4F7556}") = "3esCore", "3esCore\3esCore.csproj", "{67F07EE9-152B-4C3A-8CF5-99FD7D91F8BB}"
EndProject
Project("{9A19103F-16F7-4668-BE54-9A1E7A4F7556}") = "3esRuntime", "3esRuntime\3esRuntime.csproj", "{4B1156C8-75BB-43DE-BCCB-FA6DCB078E25}"
EndProject
Project("{9A19103F-16F7-4668-BE54-9A1E7A4F7556}") = "3esinfo", "3esinfo\3esinfo.csproj", "{62898C10-40D0-4BE3-8E73-3D971C64C3E1}"
EndProject
Project("{9A19103F-16F7-4668-BE54-9A1E7A4F7556}") = "3esrec", "3esrec\3esrec.csproj", "{7CD892A7-613A-4090-B01A-24A43101F667}"
EndProject
Project("{9A19103F-16F7-4668-BE54-9A1E7A4F7556}") = "3esManyTest", "3esManyTest\3esManyTest.csproj", "{30B59283-B96E-4717-9DC8-7B1897272EE4}"
EndProject
Project("{9A19103F-16F7-4668-BE54-9A1E7A4F7556}") = "3esServerTest", "3esServerTest\3esServerTest.csproj", "{04025270-008F-48E0-85FC-BAEA80A5DFCC}"
EndProject
Project("{9A19103F-16F7-4668-BE54-9A1E7A4F7556}") = "TestSupport", "TestSupport\TestSupport.csproj", "{37CD0A5E-AD14-4F17-808E-1F87055BAF6C}"
EndProject
Project("{9A19103F-16F7-4668-BE54-9A1E7A4F7556}") = "CoreTests", "CoreTests\CoreTests.csproj", "{6AF9B5AB-747D-4B3C-97C4-C1EF14C751FE}"
EndProject
Project("{9A19103F-16F7-4668-BE54-9A1E7A4F7556}") = "3esExamplePluginCore", "plugin\3esExamplePluginCore\3esExamplePluginCore.csproj", "{49562385-46B2-4CD5-87C7-3B075A724B0F}"
EndProject
Project("{2150E333-8FDC-42A3-9474-1A3956D46DE8}") = "plugin", "plugin", "{2B1CFCF6-427D-419E-86A7-7AA205640D55}"
EndProject
Project("{9A19103F-16F7-4668-BE54-9A1E7A4F7556}") = "3esExamplePlugin", "plugin\3esExamplePlugin\3esExamplePlugin.csproj", "{2C358442-4A40-4977-8B04-5F9465DBAF1E}"
EndProject
Project("{9A19103F-16F7-4668-BE54-9A1E7A4F7556}") = "3esPluginTest", "plugin\3esPluginTest\3esPluginTest.csproj", "{A3272F2B-AE6D-4432-8578-AE7ADEC6AB18}"
EndProject
Global
	GlobalSection(SolutionConfigurationPlatforms) = preSolution
		Debug|Any CPU = Debug|Any CPU
		Release|Any CPU = Release|Any CPU
	EndGlobalSection
	GlobalSection(ProjectConfigurationPlatforms) = postSolution
		{67F07EE9-152B-4C3A-8CF5-99FD7D91F8BB}.Debug|Any CPU.ActiveCfg = Debug|Any CPU
		{67F07EE9-152B-4C3A-8CF5-99FD7D91F8BB}.Debug|Any CPU.Build.0 = Debug|Any CPU
		{67F07EE9-152B-4C3A-8CF5-99FD7D91F8BB}.Release|Any CPU.ActiveCfg = Release|Any CPU
		{67F07EE9-152B-4C3A-8CF5-99FD7D91F8BB}.Release|Any CPU.Build.0 = Release|Any CPU
		{4B1156C8-75BB-43DE-BCCB-FA6DCB078E25}.Debug|Any CPU.ActiveCfg = Debug|Any CPU
		{4B1156C8-75BB-43DE-BCCB-FA6DCB078E25}.Debug|Any CPU.Build.0 = Debug|Any CPU
		{4B1156C8-75BB-43DE-BCCB-FA6DCB078E25}.Release|Any CPU.ActiveCfg = Release|Any CPU
		{4B1156C8-75BB-43DE-BCCB-FA6DCB078E25}.Release|Any CPU.Build.0 = Release|Any CPU
		{62898C10-40D0-4BE3-8E73-3D971C64C3E1}.Debug|Any CPU.ActiveCfg = Debug|Any CPU
		{62898C10-40D0-4BE3-8E73-3D971C64C3E1}.Debug|Any CPU.Build.0 = Debug|Any CPU
		{62898C10-40D0-4BE3-8E73-3D971C64C3E1}.Release|Any CPU.ActiveCfg = Release|Any CPU
		{62898C10-40D0-4BE3-8E73-3D971C64C3E1}.Release|Any CPU.Build.0 = Release|Any CPU
		{7CD892A7-613A-4090-B01A-24A43101F667}.Debug|Any CPU.ActiveCfg = Debug|Any CPU
		{7CD892A7-613A-4090-B01A-24A43101F667}.Debug|Any CPU.Build.0 = Debug|Any CPU
		{7CD892A7-613A-4090-B01A-24A43101F667}.Release|Any CPU.ActiveCfg = Release|Any CPU
		{7CD892A7-613A-4090-B01A-24A43101F667}.Release|Any CPU.Build.0 = Release|Any CPU
		{30B59283-B96E-4717-9DC8-7B1897272EE4}.Debug|Any CPU.ActiveCfg = Debug|Any CPU
		{30B59283-B96E-4717-9DC8-7B1897272EE4}.Debug|Any CPU.Build.0 = Debug|Any CPU
		{30B59283-B96E-4717-9DC8-7B1897272EE4}.Release|Any CPU.ActiveCfg = Release|Any CPU
		{30B59283-B96E-4717-9DC8-7B1897272EE4}.Release|Any CPU.Build.0 = Release|Any CPU
		{04025270-008F-48E0-85FC-BAEA80A5DFCC}.Debug|Any CPU.ActiveCfg = Debug|Any CPU
		{04025270-008F-48E0-85FC-BAEA80A5DFCC}.Debug|Any CPU.Build.0 = Debug|Any CPU
		{04025270-008F-48E0-85FC-BAEA80A5DFCC}.Release|Any CPU.ActiveCfg = Release|Any CPU
		{04025270-008F-48E0-85FC-BAEA80A5DFCC}.Release|Any CPU.Build.0 = Release|Any CPU
		{37CD0A5E-AD14-4F17-808E-1F87055BAF6C}.Debug|Any CPU.ActiveCfg = Debug|Any CPU
		{37CD0A5E-AD14-4F17-808E-1F87055BAF6C}.Debug|Any CPU.Build.0 = Debug|Any CPU
		{37CD0A5E-AD14-4F17-808E-1F87055BAF6C}.Release|Any CPU.ActiveCfg = Release|Any CPU
		{37CD0A5E-AD14-4F17-808E-1F87055BAF6C}.Release|Any CPU.Build.0 = Release|Any CPU
		{6AF9B5AB-747D-4B3C-97C4-C1EF14C751FE}.Debug|Any CPU.ActiveCfg = Debug|Any CPU
		{6AF9B5AB-747D-4B3C-97C4-C1EF14C751FE}.Debug|Any CPU.Build.0 = Debug|Any CPU
		{6AF9B5AB-747D-4B3C-97C4-C1EF14C751FE}.Release|Any CPU.ActiveCfg = Release|Any CPU
		{6AF9B5AB-747D-4B3C-97C4-C1EF14C751FE}.Release|Any CPU.Build.0 = Release|Any CPU
		{49562385-46B2-4CD5-87C7-3B075A724B0F}.Debug|Any CPU.ActiveCfg = Debug|Any CPU
		{49562385-46B2-4CD5-87C7-3B075A724B0F}.Debug|Any CPU.Build.0 = Debug|Any CPU
		{49562385-46B2-4CD5-87C7-3B075A724B0F}.Release|Any CPU.ActiveCfg = Release|Any CPU
		{49562385-46B2-4CD5-87C7-3B075A724B0F}.Release|Any CPU.Build.0 = Release|Any CPU
		{2C358442-4A40-4977-8B04-5F9465DBAF1E}.Debug|Any CPU.ActiveCfg = Debug|Any CPU
		{2C358442-4A40-4977-8B04-5F9465DBAF1E}.Debug|Any CPU.Build.0 = Debug|Any CPU
		{2C358442-4A40-4977-8B04-5F9465DBAF1E}.Release|Any CPU.ActiveCfg = Release|Any CPU
		{2C358442-4A40-4977-8B04-5F9465DBAF1E}.Release|Any CPU.Build.0 = Release|Any CPU
		{A3272F2B-AE6D-4432-8578-AE7ADEC6AB18}.Debug|Any CPU.ActiveCfg = Debug|Any CPU
		{A3272F2B-AE6D-4432-8578-AE7ADEC6AB18}.Debug|Any CPU.Build.0 = Debug|Any CPU
		{A3272F2B-AE6D-4432-8578-AE7ADEC6AB18}.Release|Any CPU.ActiveCfg = Release|Any CPU
		{A3272F2B-AE6D-4432-8578-AE7ADEC6AB18}.Release|Any CPU.Build.0 = Release|Any CPU
	EndGlobalSection
	GlobalSection(SolutionProperties) = preSolution
		HideSolutionNode = FALSE
	EndGlobalSection
	GlobalSection(NestedProjects) = preSolution
		{49562385-46B2-4CD5-87C7-3B075A724B0F} = {2B1CFCF6-427D-419E-86A7-7AA205640D55}
		{2C358442-4A40-4977-8B04-5F9465DBAF1E} = {2B1CFCF6-427D-419E-86A7-7AA205640D55}
		{A3272F2B-AE6D-4432-8578-AE7ADEC6AB18} = {2B1CFCF6-427D-419E-86A7-7AA205640D55}
	EndGlobalSection
	GlobalSection(ExtensibilityGlobals) = postSolution
		SolutionGuid = {9DE13F4C-2E53-472E-A9FA-2F432ADD9A63}
	EndGlobalSection
EndGlobal
