Microsoft Visual Studio Solution File, Format Version 11.00
# Visual Studio 2010
Project("{FAE04EC0-301F-11D3-BF4B-00C04F79EFBC}") = "UnityOFDialog", "Assembly-CSharp.csproj", "{588C65EC-73DE-E743-739D-9D5F96F689EC}"
EndProject
Project("{FAE04EC0-301F-11D3-BF4B-00C04F79EFBC}") = "UnityOFDialog", "Assembly-CSharp-Editor-firstpass.csproj", "{8A8C9566-405E-FB5D-5FB6-722CD63C0961}"
EndProject
Global
	GlobalSection(SolutionConfigurationPlatforms) = preSolution
		Debug|Any CPU = Debug|Any CPU
		Release|Any CPU = Release|Any CPU
	EndGlobalSection
	GlobalSection(ProjectConfigurationPlatforms) = postSolution
		{588C65EC-73DE-E743-739D-9D5F96F689EC}.Debug|Any CPU.ActiveCfg = Debug|Any CPU
		{588C65EC-73DE-E743-739D-9D5F96F689EC}.Debug|Any CPU.Build.0 = Debug|Any CPU
		{588C65EC-73DE-E743-739D-9D5F96F689EC}.Release|Any CPU.ActiveCfg = Release|Any CPU
		{588C65EC-73DE-E743-739D-9D5F96F689EC}.Release|Any CPU.Build.0 = Release|Any CPU
		{8A8C9566-405E-FB5D-5FB6-722CD63C0961}.Debug|Any CPU.ActiveCfg = Debug|Any CPU
		{8A8C9566-405E-FB5D-5FB6-722CD63C0961}.Debug|Any CPU.Build.0 = Debug|Any CPU
		{8A8C9566-405E-FB5D-5FB6-722CD63C0961}.Release|Any CPU.ActiveCfg = Release|Any CPU
		{8A8C9566-405E-FB5D-5FB6-722CD63C0961}.Release|Any CPU.Build.0 = Release|Any CPU
	EndGlobalSection
	GlobalSection(MonoDevelopProperties) = preSolution
		StartupItem = Assembly-CSharp.csproj
	EndGlobalSection
EndGlobal
